
Microsoft Visual Studio Solution File, Format Version 12.00
# Visual Studio Version 17
VisualStudioVersion = 17.3.32825.248
MinimumVisualStudioVersion = 10.0.40219.1
Project("{FAE04EC0-301F-11D3-BF4B-00C04F79EFBC}") = "Part 4.5 - Methods", "Part 4.5 - Methods.csproj", "{49FC9747-3B3F-4A7E-BDC3-4ADBF6C8CDB5}"
EndProject
Global
	GlobalSection(SolutionConfigurationPlatforms) = preSolution
		Debug|Any CPU = Debug|Any CPU
		Release|Any CPU = Release|Any CPU
	EndGlobalSection
	GlobalSection(ProjectConfigurationPlatforms) = postSolution
		{49FC9747-3B3F-4A7E-BDC3-4ADBF6C8CDB5}.Debug|Any CPU.ActiveCfg = Debug|Any CPU
		{49FC9747-3B3F-4A7E-BDC3-4ADBF6C8CDB5}.Debug|Any CPU.Build.0 = Debug|Any CPU
		{49FC9747-3B3F-4A7E-BDC3-4ADBF6C8CDB5}.Release|Any CPU.ActiveCfg = Release|Any CPU
		{49FC9747-3B3F-4A7E-BDC3-4ADBF6C8CDB5}.Release|Any CPU.Build.0 = Release|Any CPU
	EndGlobalSection
	GlobalSection(SolutionProperties) = preSolution
		HideSolutionNode = FALSE
	EndGlobalSection
	GlobalSection(ExtensibilityGlobals) = postSolution
		SolutionGuid = {4FA07E7C-D96C-4211-B82D-A372858231A6}
	EndGlobalSection
EndGlobal
